
Microsoft Visual Studio Solution File, Format Version 12.00
# Visual Studio Version 16
VisualStudioVersion = 16.0.31911.196
MinimumVisualStudioVersion = 10.0.40219.1
Project("{FAE04EC0-301F-11D3-BF4B-00C04F79EFBC}") = "EmployeeApp", "EmployeeApp.csproj", "{86275321-30E6-43F6-A81D-1C2D3BDB29FF}"
EndProject
Global
	GlobalSection(SolutionConfigurationPlatforms) = preSolution
		Debug|Any CPU = Debug|Any CPU
		Release|Any CPU = Release|Any CPU
	EndGlobalSection
	GlobalSection(ProjectConfigurationPlatforms) = postSolution
		{86275321-30E6-43F6-A81D-1C2D3BDB29FF}.Debug|Any CPU.ActiveCfg = Debug|Any CPU
		{86275321-30E6-43F6-A81D-1C2D3BDB29FF}.Debug|Any CPU.Build.0 = Debug|Any CPU
		{86275321-30E6-43F6-A81D-1C2D3BDB29FF}.Release|Any CPU.ActiveCfg = Release|Any CPU
		{86275321-30E6-43F6-A81D-1C2D3BDB29FF}.Release|Any CPU.Build.0 = Release|Any CPU
	EndGlobalSection
	GlobalSection(SolutionProperties) = preSolution
		HideSolutionNode = FALSE
	EndGlobalSection
	GlobalSection(ExtensibilityGlobals) = postSolution
		SolutionGuid = {4EEE2AAE-56EB-4DE6-9AF6-58E5098D0B85}
	EndGlobalSection
EndGlobal
